
Microsoft Visual Studio Solution File, Format Version 12.00
# Visual Studio Version 17
VisualStudioVersion = 17.7.34024.191
MinimumVisualStudioVersion = 10.0.40219.1
Project("{FAE04EC0-301F-11D3-BF4B-00C04F79EFBC}") = "Labb2Trådar", "Labb2Trådar.csproj", "{A6DDC65E-C58E-4E04-87EC-2079EFBACE27}"
EndProject
Global
	GlobalSection(SolutionConfigurationPlatforms) = preSolution
		Debug|Any CPU = Debug|Any CPU
		Release|Any CPU = Release|Any CPU
	EndGlobalSection
	GlobalSection(ProjectConfigurationPlatforms) = postSolution
		{A6DDC65E-C58E-4E04-87EC-2079EFBACE27}.Debug|Any CPU.ActiveCfg = Debug|Any CPU
		{A6DDC65E-C58E-4E04-87EC-2079EFBACE27}.Debug|Any CPU.Build.0 = Debug|Any CPU
		{A6DDC65E-C58E-4E04-87EC-2079EFBACE27}.Release|Any CPU.ActiveCfg = Release|Any CPU
		{A6DDC65E-C58E-4E04-87EC-2079EFBACE27}.Release|Any CPU.Build.0 = Release|Any CPU
	EndGlobalSection
	GlobalSection(SolutionProperties) = preSolution
		HideSolutionNode = FALSE
	EndGlobalSection
	GlobalSection(ExtensibilityGlobals) = postSolution
		SolutionGuid = {5FB20F4C-9B09-4C35-B113-D17701B34FAB}
	EndGlobalSection
EndGlobal
